// !$*UTF8*$!
{
	archiveVersion = 1;
	classes = {
	};
	objectVersion = 56;
	objects = {

/* Begin PBXBuildFile section */
		5C0944F92C4D8B7B006A6087 /* PopularRestaurantsDetailView.swift in Sources */ = {isa = PBXBuildFile; fileRef = 5C0944F82C4D8B7B006A6087 /* PopularRestaurantsDetailView.swift */; };
		5C0944FD2C4E9ED6006A6087 /* PopularRestaurantsDetailModel.swift in Sources */ = {isa = PBXBuildFile; fileRef = 5C0944FC2C4E9ED6006A6087 /* PopularRestaurantsDetailModel.swift */; };
		5C0944FF2C4E9F7C006A6087 /* PopularRestaurantsDetailViewModel.swift in Sources */ = {isa = PBXBuildFile; fileRef = 5C0944FE2C4E9F7C006A6087 /* PopularRestaurantsDetailViewModel.swift */; };
		5C0945012C4EA39E006A6087 /* PopularDestinationsViewModel.swift in Sources */ = {isa = PBXBuildFile; fileRef = 5C0945002C4EA39E006A6087 /* PopularDestinationsViewModel.swift */; };
		5C2BFC122C469D24008F3F40 /* PopularDestinationsView.swift in Sources */ = {isa = PBXBuildFile; fileRef = 5C2BFC112C469D24008F3F40 /* PopularDestinationsView.swift */; };
		5C2BFC142C469D53008F3F40 /* PopularRestaurantsView.swift in Sources */ = {isa = PBXBuildFile; fileRef = 5C2BFC132C469D53008F3F40 /* PopularRestaurantsView.swift */; };
		5C2BFC162C469D70008F3F40 /* TrendingCreatorsView.swift in Sources */ = {isa = PBXBuildFile; fileRef = 5C2BFC152C469D70008F3F40 /* TrendingCreatorsView.swift */; };
		5C2BFC1B2C469E29008F3F40 /* DiscoverModel.swift in Sources */ = {isa = PBXBuildFile; fileRef = 5C2BFC1A2C469E29008F3F40 /* DiscoverModel.swift */; };
		5C2BFC1D2C469E5F008F3F40 /* PopularDestinationsModel.swift in Sources */ = {isa = PBXBuildFile; fileRef = 5C2BFC1C2C469E5F008F3F40 /* PopularDestinationsModel.swift */; };
		5C2BFC1F2C469E83008F3F40 /* PopularRestaurantsModel.swift in Sources */ = {isa = PBXBuildFile; fileRef = 5C2BFC1E2C469E83008F3F40 /* PopularRestaurantsModel.swift */; };
		5C2BFC212C469EA1008F3F40 /* TrendingCreatorsModel.swift in Sources */ = {isa = PBXBuildFile; fileRef = 5C2BFC202C469EA1008F3F40 /* TrendingCreatorsModel.swift */; };
		5C2BFC232C469F01008F3F40 /* DiscoverCategoriesView.swift in Sources */ = {isa = PBXBuildFile; fileRef = 5C2BFC222C469F01008F3F40 /* DiscoverCategoriesView.swift */; };
		5C2BFC272C46D372008F3F40 /* ViewModifiers.swift in Sources */ = {isa = PBXBuildFile; fileRef = 5C2BFC262C46D372008F3F40 /* ViewModifiers.swift */; };
		5C2BFC2B2C47DF61008F3F40 /* DiscoverCategoriesDetailView.swift in Sources */ = {isa = PBXBuildFile; fileRef = 5C2BFC2A2C47DF61008F3F40 /* DiscoverCategoriesDetailView.swift */; };
		5C2BFC2D2C47EFAC008F3F40 /* DiscoverDetailModel.swift in Sources */ = {isa = PBXBuildFile; fileRef = 5C2BFC2C2C47EFAC008F3F40 /* DiscoverDetailModel.swift */; };
		5C2BFC302C484BA7008F3F40 /* DiscoverCategoriesDetailViewModel.swift in Sources */ = {isa = PBXBuildFile; fileRef = 5C2BFC2F2C484BA7008F3F40 /* DiscoverCategoriesDetailViewModel.swift */; };
		5C486B392C43DB340012B925 /* WanderWiseApp.swift in Sources */ = {isa = PBXBuildFile; fileRef = 5C486B382C43DB340012B925 /* WanderWiseApp.swift */; };
		5C486B3B2C43DB340012B925 /* MainView.swift in Sources */ = {isa = PBXBuildFile; fileRef = 5C486B3A2C43DB340012B925 /* MainView.swift */; };
		5C486B3D2C43DB350012B925 /* Assets.xcassets in Resources */ = {isa = PBXBuildFile; fileRef = 5C486B3C2C43DB350012B925 /* Assets.xcassets */; };
		5C486B402C43DB350012B925 /* Preview Assets.xcassets in Resources */ = {isa = PBXBuildFile; fileRef = 5C486B3F2C43DB350012B925 /* Preview Assets.xcassets */; };
		5C831D242C48FD58009CEAC5 /* Kingfisher in Frameworks */ = {isa = PBXBuildFile; productRef = 5C831D232C48FD58009CEAC5 /* Kingfisher */; };
		5C831D262C48FEE2009CEAC5 /* ActivityIndicatorView.swift in Sources */ = {isa = PBXBuildFile; fileRef = 5C831D252C48FEE2009CEAC5 /* ActivityIndicatorView.swift */; };
		5C831D2C2C495751009CEAC5 /* PopularDestinationsDetailView.swift in Sources */ = {isa = PBXBuildFile; fileRef = 5C831D2B2C495751009CEAC5 /* PopularDestinationsDetailView.swift */; };
/* End PBXBuildFile section */

/* Begin PBXFileReference section */
		5C0944F82C4D8B7B006A6087 /* PopularRestaurantsDetailView.swift */ = {isa = PBXFileReference; lastKnownFileType = sourcecode.swift; path = PopularRestaurantsDetailView.swift; sourceTree = "<group>"; };
		5C0944FC2C4E9ED6006A6087 /* PopularRestaurantsDetailModel.swift */ = {isa = PBXFileReference; lastKnownFileType = sourcecode.swift; path = PopularRestaurantsDetailModel.swift; sourceTree = "<group>"; };
		5C0944FE2C4E9F7C006A6087 /* PopularRestaurantsDetailViewModel.swift */ = {isa = PBXFileReference; lastKnownFileType = sourcecode.swift; path = PopularRestaurantsDetailViewModel.swift; sourceTree = "<group>"; };
		5C0945002C4EA39E006A6087 /* PopularDestinationsViewModel.swift */ = {isa = PBXFileReference; lastKnownFileType = sourcecode.swift; path = PopularDestinationsViewModel.swift; sourceTree = "<group>"; };
		5C2BFC112C469D24008F3F40 /* PopularDestinationsView.swift */ = {isa = PBXFileReference; lastKnownFileType = sourcecode.swift; path = PopularDestinationsView.swift; sourceTree = "<group>"; };
		5C2BFC132C469D53008F3F40 /* PopularRestaurantsView.swift */ = {isa = PBXFileReference; lastKnownFileType = sourcecode.swift; path = PopularRestaurantsView.swift; sourceTree = "<group>"; };
		5C2BFC152C469D70008F3F40 /* TrendingCreatorsView.swift */ = {isa = PBXFileReference; lastKnownFileType = sourcecode.swift; path = TrendingCreatorsView.swift; sourceTree = "<group>"; };
		5C2BFC1A2C469E29008F3F40 /* DiscoverModel.swift */ = {isa = PBXFileReference; lastKnownFileType = sourcecode.swift; path = DiscoverModel.swift; sourceTree = "<group>"; };
		5C2BFC1C2C469E5F008F3F40 /* PopularDestinationsModel.swift */ = {isa = PBXFileReference; lastKnownFileType = sourcecode.swift; path = PopularDestinationsModel.swift; sourceTree = "<group>"; };
		5C2BFC1E2C469E83008F3F40 /* PopularRestaurantsModel.swift */ = {isa = PBXFileReference; lastKnownFileType = sourcecode.swift; path = PopularRestaurantsModel.swift; sourceTree = "<group>"; };
		5C2BFC202C469EA1008F3F40 /* TrendingCreatorsModel.swift */ = {isa = PBXFileReference; lastKnownFileType = sourcecode.swift; path = TrendingCreatorsModel.swift; sourceTree = "<group>"; };
		5C2BFC222C469F01008F3F40 /* DiscoverCategoriesView.swift */ = {isa = PBXFileReference; lastKnownFileType = sourcecode.swift; path = DiscoverCategoriesView.swift; sourceTree = "<group>"; };
		5C2BFC262C46D372008F3F40 /* ViewModifiers.swift */ = {isa = PBXFileReference; lastKnownFileType = sourcecode.swift; path = ViewModifiers.swift; sourceTree = "<group>"; };
		5C2BFC2A2C47DF61008F3F40 /* DiscoverCategoriesDetailView.swift */ = {isa = PBXFileReference; lastKnownFileType = sourcecode.swift; path = DiscoverCategoriesDetailView.swift; sourceTree = "<group>"; };
		5C2BFC2C2C47EFAC008F3F40 /* DiscoverDetailModel.swift */ = {isa = PBXFileReference; lastKnownFileType = sourcecode.swift; path = DiscoverDetailModel.swift; sourceTree = "<group>"; };
		5C2BFC2F2C484BA7008F3F40 /* DiscoverCategoriesDetailViewModel.swift */ = {isa = PBXFileReference; lastKnownFileType = sourcecode.swift; path = DiscoverCategoriesDetailViewModel.swift; sourceTree = "<group>"; };
		5C486B352C43DB340012B925 /* WanderWise.app */ = {isa = PBXFileReference; explicitFileType = wrapper.application; includeInIndex = 0; path = WanderWise.app; sourceTree = BUILT_PRODUCTS_DIR; };
		5C486B382C43DB340012B925 /* WanderWiseApp.swift */ = {isa = PBXFileReference; lastKnownFileType = sourcecode.swift; path = WanderWiseApp.swift; sourceTree = "<group>"; };
		5C486B3A2C43DB340012B925 /* MainView.swift */ = {isa = PBXFileReference; lastKnownFileType = sourcecode.swift; path = MainView.swift; sourceTree = "<group>"; };
		5C486B3C2C43DB350012B925 /* Assets.xcassets */ = {isa = PBXFileReference; lastKnownFileType = folder.assetcatalog; path = Assets.xcassets; sourceTree = "<group>"; };
		5C486B3F2C43DB350012B925 /* Preview Assets.xcassets */ = {isa = PBXFileReference; lastKnownFileType = folder.assetcatalog; path = "Preview Assets.xcassets"; sourceTree = "<group>"; };
		5C831D252C48FEE2009CEAC5 /* ActivityIndicatorView.swift */ = {isa = PBXFileReference; lastKnownFileType = sourcecode.swift; path = ActivityIndicatorView.swift; sourceTree = "<group>"; };
		5C831D2B2C495751009CEAC5 /* PopularDestinationsDetailView.swift */ = {isa = PBXFileReference; lastKnownFileType = sourcecode.swift; path = PopularDestinationsDetailView.swift; sourceTree = "<group>"; };
/* End PBXFileReference section */

/* Begin PBXFrameworksBuildPhase section */
		5C486B322C43DB340012B925 /* Frameworks */ = {
			isa = PBXFrameworksBuildPhase;
			buildActionMask = 2147483647;
			files = (
				5C831D242C48FD58009CEAC5 /* Kingfisher in Frameworks */,
			);
			runOnlyForDeploymentPostprocessing = 0;
		};
/* End PBXFrameworksBuildPhase section */

/* Begin PBXGroup section */
		5C2BFC102C469CB1008F3F40 /* Views */ = {
			isa = PBXGroup;
			children = (
				5C2BFC242C46A594008F3F40 /* Subviews */,
				5C486B3A2C43DB340012B925 /* MainView.swift */,
			);
			path = Views;
			sourceTree = "<group>";
		};
		5C2BFC192C469E0D008F3F40 /* Models */ = {
			isa = PBXGroup;
			children = (
				5C2BFC1A2C469E29008F3F40 /* DiscoverModel.swift */,
				5C2BFC2C2C47EFAC008F3F40 /* DiscoverDetailModel.swift */,
				5C2BFC1C2C469E5F008F3F40 /* PopularDestinationsModel.swift */,
				5C2BFC1E2C469E83008F3F40 /* PopularRestaurantsModel.swift */,
				5C0944FC2C4E9ED6006A6087 /* PopularRestaurantsDetailModel.swift */,
				5C2BFC202C469EA1008F3F40 /* TrendingCreatorsModel.swift */,
			);
			path = Models;
			sourceTree = "<group>";
		};
		5C2BFC242C46A594008F3F40 /* Subviews */ = {
			isa = PBXGroup;
			children = (
				5C2BFC222C469F01008F3F40 /* DiscoverCategoriesView.swift */,
				5C2BFC2A2C47DF61008F3F40 /* DiscoverCategoriesDetailView.swift */,
				5C2BFC112C469D24008F3F40 /* PopularDestinationsView.swift */,
				5C831D2B2C495751009CEAC5 /* PopularDestinationsDetailView.swift */,
				5C2BFC132C469D53008F3F40 /* PopularRestaurantsView.swift */,
				5C0944F82C4D8B7B006A6087 /* PopularRestaurantsDetailView.swift */,
				5C2BFC152C469D70008F3F40 /* TrendingCreatorsView.swift */,
			);
			path = Subviews;
			sourceTree = "<group>";
		};
		5C2BFC252C46D340008F3F40 /* Utils */ = {
			isa = PBXGroup;
			children = (
				5C2BFC262C46D372008F3F40 /* ViewModifiers.swift */,
				5C831D252C48FEE2009CEAC5 /* ActivityIndicatorView.swift */,
			);
			path = Utils;
			sourceTree = "<group>";
		};
		5C2BFC2E2C484B7E008F3F40 /* ViewModels */ = {
			isa = PBXGroup;
			children = (
				5C2BFC2F2C484BA7008F3F40 /* DiscoverCategoriesDetailViewModel.swift */,
				5C0945002C4EA39E006A6087 /* PopularDestinationsViewModel.swift */,
				5C0944FE2C4E9F7C006A6087 /* PopularRestaurantsDetailViewModel.swift */,
			);
			path = ViewModels;
			sourceTree = "<group>";
		};
		5C486B2C2C43DB340012B925 = {
			isa = PBXGroup;
			children = (
				5C486B372C43DB340012B925 /* WanderWise */,
				5C486B362C43DB340012B925 /* Products */,
			);
			sourceTree = "<group>";
		};
		5C486B362C43DB340012B925 /* Products */ = {
			isa = PBXGroup;
			children = (
				5C486B352C43DB340012B925 /* WanderWise.app */,
			);
			name = Products;
			sourceTree = "<group>";
		};
		5C486B372C43DB340012B925 /* WanderWise */ = {
			isa = PBXGroup;
			children = (
				5C2BFC192C469E0D008F3F40 /* Models */,
				5C2BFC2E2C484B7E008F3F40 /* ViewModels */,
				5C2BFC102C469CB1008F3F40 /* Views */,
				5C2BFC252C46D340008F3F40 /* Utils */,
				5C486B3C2C43DB350012B925 /* Assets.xcassets */,
				5C486B382C43DB340012B925 /* WanderWiseApp.swift */,
				5C486B3E2C43DB350012B925 /* Preview Content */,
			);
			path = WanderWise;
			sourceTree = "<group>";
		};
		5C486B3E2C43DB350012B925 /* Preview Content */ = {
			isa = PBXGroup;
			children = (
				5C486B3F2C43DB350012B925 /* Preview Assets.xcassets */,
			);
			path = "Preview Content";
			sourceTree = "<group>";
		};
/* End PBXGroup section */

/* Begin PBXNativeTarget section */
		5C486B342C43DB340012B925 /* WanderWise */ = {
			isa = PBXNativeTarget;
			buildConfigurationList = 5C486B432C43DB350012B925 /* Build configuration list for PBXNativeTarget "WanderWise" */;
			buildPhases = (
				5C486B312C43DB340012B925 /* Sources */,
				5C486B322C43DB340012B925 /* Frameworks */,
				5C486B332C43DB340012B925 /* Resources */,
			);
			buildRules = (
			);
			dependencies = (
			);
			name = WanderWise;
			packageProductDependencies = (
				5C831D232C48FD58009CEAC5 /* Kingfisher */,
			);
			productName = WanderWise;
			productReference = 5C486B352C43DB340012B925 /* WanderWise.app */;
			productType = "com.apple.product-type.application";
		};
/* End PBXNativeTarget section */

/* Begin PBXProject section */
		5C486B2D2C43DB340012B925 /* Project object */ = {
			isa = PBXProject;
			attributes = {
				BuildIndependentTargetsInParallel = 1;
				LastSwiftUpdateCheck = 1540;
				LastUpgradeCheck = 1540;
				TargetAttributes = {
					5C486B342C43DB340012B925 = {
						CreatedOnToolsVersion = 15.4;
					};
				};
			};
			buildConfigurationList = 5C486B302C43DB340012B925 /* Build configuration list for PBXProject "WanderWise" */;
			compatibilityVersion = "Xcode 14.0";
			developmentRegion = en;
			hasScannedForEncodings = 0;
			knownRegions = (
				en,
				Base,
			);
			mainGroup = 5C486B2C2C43DB340012B925;
			packageReferences = (
				5C831D222C48FD58009CEAC5 /* XCRemoteSwiftPackageReference "Kingfisher" */,
			);
			productRefGroup = 5C486B362C43DB340012B925 /* Products */;
			projectDirPath = "";
			projectRoot = "";
			targets = (
				5C486B342C43DB340012B925 /* WanderWise */,
			);
		};
/* End PBXProject section */

/* Begin PBXResourcesBuildPhase section */
		5C486B332C43DB340012B925 /* Resources */ = {
			isa = PBXResourcesBuildPhase;
			buildActionMask = 2147483647;
			files = (
				5C486B402C43DB350012B925 /* Preview Assets.xcassets in Resources */,
				5C486B3D2C43DB350012B925 /* Assets.xcassets in Resources */,
			);
			runOnlyForDeploymentPostprocessing = 0;
		};
/* End PBXResourcesBuildPhase section */

/* Begin PBXSourcesBuildPhase section */
		5C486B312C43DB340012B925 /* Sources */ = {
			isa = PBXSourcesBuildPhase;
			buildActionMask = 2147483647;
			files = (
				5C2BFC1F2C469E83008F3F40 /* PopularRestaurantsModel.swift in Sources */,
				5C2BFC2D2C47EFAC008F3F40 /* DiscoverDetailModel.swift in Sources */,
				5C2BFC1D2C469E5F008F3F40 /* PopularDestinationsModel.swift in Sources */,
				5C2BFC212C469EA1008F3F40 /* TrendingCreatorsModel.swift in Sources */,
				5C831D2C2C495751009CEAC5 /* PopularDestinationsDetailView.swift in Sources */,
				5C0944FD2C4E9ED6006A6087 /* PopularRestaurantsDetailModel.swift in Sources */,
				5C2BFC1B2C469E29008F3F40 /* DiscoverModel.swift in Sources */,
				5C2BFC2B2C47DF61008F3F40 /* DiscoverCategoriesDetailView.swift in Sources */,
				5C831D262C48FEE2009CEAC5 /* ActivityIndicatorView.swift in Sources */,
				5C2BFC162C469D70008F3F40 /* TrendingCreatorsView.swift in Sources */,
				5C0944F92C4D8B7B006A6087 /* PopularRestaurantsDetailView.swift in Sources */,
				5C2BFC232C469F01008F3F40 /* DiscoverCategoriesView.swift in Sources */,
				5C0944FF2C4E9F7C006A6087 /* PopularRestaurantsDetailViewModel.swift in Sources */,
				5C2BFC302C484BA7008F3F40 /* DiscoverCategoriesDetailViewModel.swift in Sources */,
				5C2BFC122C469D24008F3F40 /* PopularDestinationsView.swift in Sources */,
				5C2BFC142C469D53008F3F40 /* PopularRestaurantsView.swift in Sources */,
				5C486B3B2C43DB340012B925 /* MainView.swift in Sources */,
				5C0945012C4EA39E006A6087 /* PopularDestinationsViewModel.swift in Sources */,
				5C2BFC272C46D372008F3F40 /* ViewModifiers.swift in Sources */,
				5C486B392C43DB340012B925 /* WanderWiseApp.swift in Sources */,
			);
			runOnlyForDeploymentPostprocessing = 0;
		};
/* End PBXSourcesBuildPhase section */

/* Begin XCBuildConfiguration section */
		5C486B412C43DB350012B925 /* Debug */ = {
			isa = XCBuildConfiguration;
			buildSettings = {
				ALWAYS_SEARCH_USER_PATHS = NO;
				ASSETCATALOG_COMPILER_GENERATE_SWIFT_ASSET_SYMBOL_EXTENSIONS = YES;
				CLANG_ANALYZER_NONNULL = YES;
				CLANG_ANALYZER_NUMBER_OBJECT_CONVERSION = YES_AGGRESSIVE;
				CLANG_CXX_LANGUAGE_STANDARD = "gnu++20";
				CLANG_ENABLE_MODULES = YES;
				CLANG_ENABLE_OBJC_ARC = YES;
				CLANG_ENABLE_OBJC_WEAK = YES;
				CLANG_WARN_BLOCK_CAPTURE_AUTORELEASING = YES;
				CLANG_WARN_BOOL_CONVERSION = YES;
				CLANG_WARN_COMMA = YES;
				CLANG_WARN_CONSTANT_CONVERSION = YES;
				CLANG_WARN_DEPRECATED_OBJC_IMPLEMENTATIONS = YES;
				CLANG_WARN_DIRECT_OBJC_ISA_USAGE = YES_ERROR;
				CLANG_WARN_DOCUMENTATION_COMMENTS = YES;
				CLANG_WARN_EMPTY_BODY = YES;
				CLANG_WARN_ENUM_CONVERSION = YES;
				CLANG_WARN_INFINITE_RECURSION = YES;
				CLANG_WARN_INT_CONVERSION = YES;
				CLANG_WARN_NON_LITERAL_NULL_CONVERSION = YES;
				CLANG_WARN_OBJC_IMPLICIT_RETAIN_SELF = YES;
				CLANG_WARN_OBJC_LITERAL_CONVERSION = YES;
				CLANG_WARN_OBJC_ROOT_CLASS = YES_ERROR;
				CLANG_WARN_QUOTED_INCLUDE_IN_FRAMEWORK_HEADER = YES;
				CLANG_WARN_RANGE_LOOP_ANALYSIS = YES;
				CLANG_WARN_STRICT_PROTOTYPES = YES;
				CLANG_WARN_SUSPICIOUS_MOVE = YES;
				CLANG_WARN_UNGUARDED_AVAILABILITY = YES_AGGRESSIVE;
				CLANG_WARN_UNREACHABLE_CODE = YES;
				CLANG_WARN__DUPLICATE_METHOD_MATCH = YES;
				COPY_PHASE_STRIP = NO;
				DEBUG_INFORMATION_FORMAT = dwarf;
				ENABLE_STRICT_OBJC_MSGSEND = YES;
				ENABLE_TESTABILITY = YES;
				ENABLE_USER_SCRIPT_SANDBOXING = YES;
				GCC_C_LANGUAGE_STANDARD = gnu17;
				GCC_DYNAMIC_NO_PIC = NO;
				GCC_NO_COMMON_BLOCKS = YES;
				GCC_OPTIMIZATION_LEVEL = 0;
				GCC_PREPROCESSOR_DEFINITIONS = (
					"DEBUG=1",
					"$(inherited)",
				);
				GCC_WARN_64_TO_32_BIT_CONVERSION = YES;
				GCC_WARN_ABOUT_RETURN_TYPE = YES_ERROR;
				GCC_WARN_UNDECLARED_SELECTOR = YES;
				GCC_WARN_UNINITIALIZED_AUTOS = YES_AGGRESSIVE;
				GCC_WARN_UNUSED_FUNCTION = YES;
				GCC_WARN_UNUSED_VARIABLE = YES;
				IPHONEOS_DEPLOYMENT_TARGET = 17.5;
				LOCALIZATION_PREFERS_STRING_CATALOGS = YES;
				MTL_ENABLE_DEBUG_INFO = INCLUDE_SOURCE;
				MTL_FAST_MATH = YES;
				ONLY_ACTIVE_ARCH = YES;
				SDKROOT = iphoneos;
				SWIFT_ACTIVE_COMPILATION_CONDITIONS = "DEBUG $(inherited)";
				SWIFT_OPTIMIZATION_LEVEL = "-Onone";
			};
			name = Debug;
		};
		5C486B422C43DB350012B925 /* Release */ = {
			isa = XCBuildConfiguration;
			buildSettings = {
				ALWAYS_SEARCH_USER_PATHS = NO;
				ASSETCATALOG_COMPILER_GENERATE_SWIFT_ASSET_SYMBOL_EXTENSIONS = YES;
				CLANG_ANALYZER_NONNULL = YES;
				CLANG_ANALYZER_NUMBER_OBJECT_CONVERSION = YES_AGGRESSIVE;
				CLANG_CXX_LANGUAGE_STANDARD = "gnu++20";
				CLANG_ENABLE_MODULES = YES;
				CLANG_ENABLE_OBJC_ARC = YES;
				CLANG_ENABLE_OBJC_WEAK = YES;
				CLANG_WARN_BLOCK_CAPTURE_AUTORELEASING = YES;
				CLANG_WARN_BOOL_CONVERSION = YES;
				CLANG_WARN_COMMA = YES;
				CLANG_WARN_CONSTANT_CONVERSION = YES;
				CLANG_WARN_DEPRECATED_OBJC_IMPLEMENTATIONS = YES;
				CLANG_WARN_DIRECT_OBJC_ISA_USAGE = YES_ERROR;
				CLANG_WARN_DOCUMENTATION_COMMENTS = YES;
				CLANG_WARN_EMPTY_BODY = YES;
				CLANG_WARN_ENUM_CONVERSION = YES;
				CLANG_WARN_INFINITE_RECURSION = YES;
				CLANG_WARN_INT_CONVERSION = YES;
				CLANG_WARN_NON_LITERAL_NULL_CONVERSION = YES;
				CLANG_WARN_OBJC_IMPLICIT_RETAIN_SELF = YES;
				CLANG_WARN_OBJC_LITERAL_CONVERSION = YES;
				CLANG_WARN_OBJC_ROOT_CLASS = YES_ERROR;
				CLANG_WARN_QUOTED_INCLUDE_IN_FRAMEWORK_HEADER = YES;
				CLANG_WARN_RANGE_LOOP_ANALYSIS = YES;
				CLANG_WARN_STRICT_PROTOTYPES = YES;
				CLANG_WARN_SUSPICIOUS_MOVE = YES;
				CLANG_WARN_UNGUARDED_AVAILABILITY = YES_AGGRESSIVE;
				CLANG_WARN_UNREACHABLE_CODE = YES;
				CLANG_WARN__DUPLICATE_METHOD_MATCH = YES;
				COPY_PHASE_STRIP = NO;
				DEBUG_INFORMATION_FORMAT = "dwarf-with-dsym";
				ENABLE_NS_ASSERTIONS = NO;
				ENABLE_STRICT_OBJC_MSGSEND = YES;
				ENABLE_USER_SCRIPT_SANDBOXING = YES;
				GCC_C_LANGUAGE_STANDARD = gnu17;
				GCC_NO_COMMON_BLOCKS = YES;
				GCC_WARN_64_TO_32_BIT_CONVERSION = YES;
				GCC_WARN_ABOUT_RETURN_TYPE = YES_ERROR;
				GCC_WARN_UNDECLARED_SELECTOR = YES;
				GCC_WARN_UNINITIALIZED_AUTOS = YES_AGGRESSIVE;
				GCC_WARN_UNUSED_FUNCTION = YES;
				GCC_WARN_UNUSED_VARIABLE = YES;
				IPHONEOS_DEPLOYMENT_TARGET = 17.5;
				LOCALIZATION_PREFERS_STRING_CATALOGS = YES;
				MTL_ENABLE_DEBUG_INFO = NO;
				MTL_FAST_MATH = YES;
				SDKROOT = iphoneos;
				SWIFT_COMPILATION_MODE = wholemodule;
				VALIDATE_PRODUCT = YES;
			};
			name = Release;
		};
		5C486B442C43DB350012B925 /* Debug */ = {
			isa = XCBuildConfiguration;
			buildSettings = {
				ASSETCATALOG_COMPILER_APPICON_NAME = AppIcon;
				ASSETCATALOG_COMPILER_GLOBAL_ACCENT_COLOR_NAME = AccentColor;
				CODE_SIGN_STYLE = Automatic;
				CURRENT_PROJECT_VERSION = 1;
				DEVELOPMENT_ASSET_PATHS = "\"WanderWise/Preview Content\"";
				DEVELOPMENT_TEAM = 6N4HMYH8YX;
				ENABLE_PREVIEWS = YES;
				GENERATE_INFOPLIST_FILE = YES;
				INFOPLIST_KEY_UIApplicationSceneManifest_Generation = YES;
				INFOPLIST_KEY_UIApplicationSupportsIndirectInputEvents = YES;
				INFOPLIST_KEY_UILaunchScreen_Generation = YES;
				INFOPLIST_KEY_UISupportedInterfaceOrientations_iPad = "UIInterfaceOrientationPortrait UIInterfaceOrientationPortraitUpsideDown UIInterfaceOrientationLandscapeLeft UIInterfaceOrientationLandscapeRight";
				INFOPLIST_KEY_UISupportedInterfaceOrientations_iPhone = "UIInterfaceOrientationPortrait UIInterfaceOrientationLandscapeLeft UIInterfaceOrientationLandscapeRight";
				IPHONEOS_DEPLOYMENT_TARGET = 17.5;
				LD_RUNPATH_SEARCH_PATHS = (
					"$(inherited)",
					"@executable_path/Frameworks",
				);
				MARKETING_VERSION = 1.0;
				PRODUCT_BUNDLE_IDENTIFIER = com.turancabuk.WanderWise;
				PRODUCT_NAME = "$(TARGET_NAME)";
				SWIFT_EMIT_LOC_STRINGS = YES;
				SWIFT_VERSION = 5.0;
				TARGETED_DEVICE_FAMILY = "1,2";
			};
			name = Debug;
		};
		5C486B452C43DB350012B925 /* Release */ = {
			isa = XCBuildConfiguration;
			buildSettings = {
				ASSETCATALOG_COMPILER_APPICON_NAME = AppIcon;
				ASSETCATALOG_COMPILER_GLOBAL_ACCENT_COLOR_NAME = AccentColor;
				CODE_SIGN_STYLE = Automatic;
				CURRENT_PROJECT_VERSION = 1;
				DEVELOPMENT_ASSET_PATHS = "\"WanderWise/Preview Content\"";
				DEVELOPMENT_TEAM = 6N4HMYH8YX;
				ENABLE_PREVIEWS = YES;
				GENERATE_INFOPLIST_FILE = YES;
				INFOPLIST_KEY_UIApplicationSceneManifest_Generation = YES;
				INFOPLIST_KEY_UIApplicationSupportsIndirectInputEvents = YES;
				INFOPLIST_KEY_UILaunchScreen_Generation = YES;
				INFOPLIST_KEY_UISupportedInterfaceOrientations_iPad = "UIInterfaceOrientationPortrait UIInterfaceOrientationPortraitUpsideDown UIInterfaceOrientationLandscapeLeft UIInterfaceOrientationLandscapeRight";
				INFOPLIST_KEY_UISupportedInterfaceOrientations_iPhone = "UIInterfaceOrientationPortrait UIInterfaceOrientationLandscapeLeft UIInterfaceOrientationLandscapeRight";
				IPHONEOS_DEPLOYMENT_TARGET = 17.5;
				LD_RUNPATH_SEARCH_PATHS = (
					"$(inherited)",
					"@executable_path/Frameworks",
				);
				MARKETING_VERSION = 1.0;
				PRODUCT_BUNDLE_IDENTIFIER = com.turancabuk.WanderWise;
				PRODUCT_NAME = "$(TARGET_NAME)";
				SWIFT_EMIT_LOC_STRINGS = YES;
				SWIFT_VERSION = 5.0;
				TARGETED_DEVICE_FAMILY = "1,2";
			};
			name = Release;
		};
/* End XCBuildConfiguration section */

/* Begin XCConfigurationList section */
		5C486B302C43DB340012B925 /* Build configuration list for PBXProject "WanderWise" */ = {
			isa = XCConfigurationList;
			buildConfigurations = (
				5C486B412C43DB350012B925 /* Debug */,
				5C486B422C43DB350012B925 /* Release */,
			);
			defaultConfigurationIsVisible = 0;
			defaultConfigurationName = Release;
		};
		5C486B432C43DB350012B925 /* Build configuration list for PBXNativeTarget "WanderWise" */ = {
			isa = XCConfigurationList;
			buildConfigurations = (
				5C486B442C43DB350012B925 /* Debug */,
				5C486B452C43DB350012B925 /* Release */,
			);
			defaultConfigurationIsVisible = 0;
			defaultConfigurationName = Release;
		};
/* End XCConfigurationList section */

/* Begin XCRemoteSwiftPackageReference section */
		5C831D222C48FD58009CEAC5 /* XCRemoteSwiftPackageReference "Kingfisher" */ = {
			isa = XCRemoteSwiftPackageReference;
			repositoryURL = "https://github.com/onevcat/Kingfisher.git";
			requirement = {
				kind = upToNextMajorVersion;
				minimumVersion = 7.12.0;
			};
		};
/* End XCRemoteSwiftPackageReference section */

/* Begin XCSwiftPackageProductDependency section */
		5C831D232C48FD58009CEAC5 /* Kingfisher */ = {
			isa = XCSwiftPackageProductDependency;
			package = 5C831D222C48FD58009CEAC5 /* XCRemoteSwiftPackageReference "Kingfisher" */;
			productName = Kingfisher;
		};
/* End XCSwiftPackageProductDependency section */
	};
	rootObject = 5C486B2D2C43DB340012B925 /* Project object */;
}
